
Microsoft Visual Studio Solution File, Format Version 12.00
Project("{FAE04EC0-301F-11D3-BF4B-00C04F79EFBC}") = "SOHFerryTransferBox", "SOHFerryTransferBox\SOHFerryTransferBox.csproj", "{1565FD94-841F-4587-B95B-6FAA1CC3844A}"
EndProject
Project("{FAE04EC0-301F-11D3-BF4B-00C04F79EFBC}") = "SOHPublicTransportBox", "SOHPublicTransportBox\SOHPublicTransportBox.csproj", "{122D29AA-303A-4E86-AB02-89D9592631DA}"
EndProject
Project("{FAE04EC0-301F-11D3-BF4B-00C04F79EFBC}") = "SOHTrainBox", "SOHTrainBox\SOHTrainBox.csproj", "{2880B08F-3B18-416C-B398-C912D3A78B85}"
EndProject
Project("{FAE04EC0-301F-11D3-BF4B-00C04F79EFBC}") = "SOHTravellingBox", "SOHTravellingBox\SOHTravellingBox.csproj", "{1CC5C8F8-7E04-4B31-900E-6B5DCF1259CC}"
EndProject
Project("{FAE04EC0-301F-11D3-BF4B-00C04F79EFBC}") = "SOHGreen4BikesBox", "SOHGreen4BikesBox\SOHGreen4BikesBox.csproj", "{E066011C-F29F-4E67-8A5E-5BC1BBA12BC9}"
EndProject
Project("{FAE04EC0-301F-11D3-BF4B-00C04F79EFBC}") = "SOHCitizenDailyPlanBox", "SOHCitizenDailyPlanBox\SOHCitizenDailyPlanBox.csproj", "{283D051F-5FA2-40A1-A51C-5E19F70CC897}"
EndProject
Project("{FAE04EC0-301F-11D3-BF4B-00C04F79EFBC}") = "SOHDemonstrationModel", "SOHDemonstrationModel\SOHDemonstrationModel.csproj", "{AC8847A4-7F16-4484-852F-AE6D2185B648}"
EndProject
Project("{FAE04EC0-301F-11D3-BF4B-00C04F79EFBC}") = "SOHDemonstrationBox", "SOHDemonstrationBox\SOHDemonstrationBox.csproj", "{623E14EE-9454-48CB-B732-2381D0E13162}"
EndProject
Project("{FAE04EC0-301F-11D3-BF4B-00C04F79EFBC}") = "SOHTrainExtensionBox", "SOHTrainExtensionBox\SOHTrainExtensionBox.csproj", "{B2DF1AD8-D131-4EEF-919B-F0A1E6644E6B}"
EndProject
Project("{FAE04EC0-301F-11D3-BF4B-00C04F79EFBC}") = "SOHVeddelFloodBox", "SOHVeddelFloodBox\SOHVeddelFloodBox.csproj", "{2427120E-4C43-4933-B611-A4C0C097C4D2}"
EndProject
Global
	GlobalSection(SolutionConfigurationPlatforms) = preSolution
		Debug|Any CPU = Debug|Any CPU
		Release|Any CPU = Release|Any CPU
	EndGlobalSection
	GlobalSection(ProjectConfigurationPlatforms) = postSolution
		{1565FD94-841F-4587-B95B-6FAA1CC3844A}.Debug|Any CPU.ActiveCfg = Debug|Any CPU
		{1565FD94-841F-4587-B95B-6FAA1CC3844A}.Debug|Any CPU.Build.0 = Debug|Any CPU
		{1565FD94-841F-4587-B95B-6FAA1CC3844A}.Release|Any CPU.ActiveCfg = Release|Any CPU
		{1565FD94-841F-4587-B95B-6FAA1CC3844A}.Release|Any CPU.Build.0 = Release|Any CPU
		{122D29AA-303A-4E86-AB02-89D9592631DA}.Debug|Any CPU.ActiveCfg = Debug|Any CPU
		{122D29AA-303A-4E86-AB02-89D9592631DA}.Debug|Any CPU.Build.0 = Debug|Any CPU
		{122D29AA-303A-4E86-AB02-89D9592631DA}.Release|Any CPU.ActiveCfg = Release|Any CPU
		{122D29AA-303A-4E86-AB02-89D9592631DA}.Release|Any CPU.Build.0 = Release|Any CPU
		{2880B08F-3B18-416C-B398-C912D3A78B85}.Debug|Any CPU.ActiveCfg = Debug|Any CPU
		{2880B08F-3B18-416C-B398-C912D3A78B85}.Debug|Any CPU.Build.0 = Debug|Any CPU
		{2880B08F-3B18-416C-B398-C912D3A78B85}.Release|Any CPU.ActiveCfg = Release|Any CPU
		{2880B08F-3B18-416C-B398-C912D3A78B85}.Release|Any CPU.Build.0 = Release|Any CPU
		{1CC5C8F8-7E04-4B31-900E-6B5DCF1259CC}.Debug|Any CPU.ActiveCfg = Debug|Any CPU
		{1CC5C8F8-7E04-4B31-900E-6B5DCF1259CC}.Debug|Any CPU.Build.0 = Debug|Any CPU
		{1CC5C8F8-7E04-4B31-900E-6B5DCF1259CC}.Release|Any CPU.ActiveCfg = Release|Any CPU
		{1CC5C8F8-7E04-4B31-900E-6B5DCF1259CC}.Release|Any CPU.Build.0 = Release|Any CPU
		{E066011C-F29F-4E67-8A5E-5BC1BBA12BC9}.Debug|Any CPU.ActiveCfg = Debug|Any CPU
		{E066011C-F29F-4E67-8A5E-5BC1BBA12BC9}.Debug|Any CPU.Build.0 = Debug|Any CPU
		{E066011C-F29F-4E67-8A5E-5BC1BBA12BC9}.Release|Any CPU.ActiveCfg = Release|Any CPU
		{E066011C-F29F-4E67-8A5E-5BC1BBA12BC9}.Release|Any CPU.Build.0 = Release|Any CPU
		{283D051F-5FA2-40A1-A51C-5E19F70CC897}.Debug|Any CPU.ActiveCfg = Debug|Any CPU
		{283D051F-5FA2-40A1-A51C-5E19F70CC897}.Debug|Any CPU.Build.0 = Debug|Any CPU
		{283D051F-5FA2-40A1-A51C-5E19F70CC897}.Release|Any CPU.ActiveCfg = Release|Any CPU
		{283D051F-5FA2-40A1-A51C-5E19F70CC897}.Release|Any CPU.Build.0 = Release|Any CPU
		{AC8847A4-7F16-4484-852F-AE6D2185B648}.Debug|Any CPU.ActiveCfg = Debug|Any CPU
		{AC8847A4-7F16-4484-852F-AE6D2185B648}.Debug|Any CPU.Build.0 = Debug|Any CPU
		{AC8847A4-7F16-4484-852F-AE6D2185B648}.Release|Any CPU.ActiveCfg = Release|Any CPU
		{AC8847A4-7F16-4484-852F-AE6D2185B648}.Release|Any CPU.Build.0 = Release|Any CPU
		{623E14EE-9454-48CB-B732-2381D0E13162}.Debug|Any CPU.ActiveCfg = Debug|Any CPU
		{623E14EE-9454-48CB-B732-2381D0E13162}.Debug|Any CPU.Build.0 = Debug|Any CPU
		{623E14EE-9454-48CB-B732-2381D0E13162}.Release|Any CPU.ActiveCfg = Release|Any CPU
		{623E14EE-9454-48CB-B732-2381D0E13162}.Release|Any CPU.Build.0 = Release|Any CPU
		{B2DF1AD8-D131-4EEF-919B-F0A1E6644E6B}.Debug|Any CPU.ActiveCfg = Debug|Any CPU
		{B2DF1AD8-D131-4EEF-919B-F0A1E6644E6B}.Debug|Any CPU.Build.0 = Debug|Any CPU
		{B2DF1AD8-D131-4EEF-919B-F0A1E6644E6B}.Release|Any CPU.ActiveCfg = Release|Any CPU
		{B2DF1AD8-D131-4EEF-919B-F0A1E6644E6B}.Release|Any CPU.Build.0 = Release|Any CPU
		{2427120E-4C43-4933-B611-A4C0C097C4D2}.Debug|Any CPU.ActiveCfg = Debug|Any CPU
		{2427120E-4C43-4933-B611-A4C0C097C4D2}.Debug|Any CPU.Build.0 = Debug|Any CPU
		{2427120E-4C43-4933-B611-A4C0C097C4D2}.Release|Any CPU.ActiveCfg = Release|Any CPU
		{2427120E-4C43-4933-B611-A4C0C097C4D2}.Release|Any CPU.Build.0 = Release|Any CPU
	EndGlobalSection
EndGlobal
