
Microsoft Visual Studio Solution File, Format Version 12.00
Project("{FAE04EC0-301F-11D3-BF4B-00C04F79EFBC}") = "SOHBicycleModel", "SOHBicycleModel\SOHBicycleModel.csproj", "{8C8347AB-FC0B-460C-A8D4-A0F4E7027DB5}"
EndProject
Project("{FAE04EC0-301F-11D3-BF4B-00C04F79EFBC}") = "SOHCarModel", "SOHCarModel\SOHCarModel.csproj", "{11A68C7A-8D6E-4C27-B937-FAF062B9CA7A}"
EndProject
Project("{FAE04EC0-301F-11D3-BF4B-00C04F79EFBC}") = "SOHDomain", "SOHDomain\SOHDomain.csproj", "{94F69743-B41A-45F8-8426-F8EC8ABAB85F}"
EndProject
Project("{FAE04EC0-301F-11D3-BF4B-00C04F79EFBC}") = "SOHResources", "SOHResources\SOHResources.csproj", "{1AEC10D4-12FF-4BF1-A702-D18A29D03F29}"
EndProject
Project("{FAE04EC0-301F-11D3-BF4B-00C04F79EFBC}") = "SOHTests", "SOHTests\SOHTests.csproj", "{96AF48FE-E7DA-489E-AD8C-F02FFE74CB89}"
EndProject
Project("{FAE04EC0-301F-11D3-BF4B-00C04F79EFBC}") = "SOHFerryTransferBox", "SOHFerryTransferBox\SOHFerryTransferBox.csproj", "{1565FD94-841F-4587-B95B-6FAA1CC3844A}"
EndProject
Project("{FAE04EC0-301F-11D3-BF4B-00C04F79EFBC}") = "SOHFerryModel", "SOHFerryModel\SOHFerryModel.csproj", "{0A8E497E-16AF-46B1-81E3-7B6D5F56F464}"
EndProject
Project("{FAE04EC0-301F-11D3-BF4B-00C04F79EFBC}") = "SOHBusModel", "SOHBusModel\SOHBusModel.csproj", "{C3C017AB-0F06-4953-B0D5-E7ADF76CAB99}"
EndProject
Project("{FAE04EC0-301F-11D3-BF4B-00C04F79EFBC}") = "SOHPublicTransportBox", "SOHPublicTransportBox\SOHPublicTransportBox.csproj", "{122D29AA-303A-4E86-AB02-89D9592631DA}"
EndProject
Project("{FAE04EC0-301F-11D3-BF4B-00C04F79EFBC}") = "SOHTrainBox", "SOHTrainBox\SOHTrainBox.csproj", "{2880B08F-3B18-416C-B398-C912D3A78B85}"
EndProject
Project("{FAE04EC0-301F-11D3-BF4B-00C04F79EFBC}") = "SOHTrainModel", "SOHTrainModel\SOHTrainModel.csproj", "{5FA14C3C-5B2E-43F2-90E6-DEDA49F73FAB}"
EndProject
Project("{FAE04EC0-301F-11D3-BF4B-00C04F79EFBC}") = "SOHTravellingBox", "SOHTravellingBox\SOHTravellingBox.csproj", "{1CC5C8F8-7E04-4B31-900E-6B5DCF1259CC}"
EndProject
Project("{FAE04EC0-301F-11D3-BF4B-00C04F79EFBC}") = "SOHMultimodalModel", "SOHMultimodalModel\SOHMultimodalModel.csproj", "{891DF06A-E3E6-4718-AF51-0F2F7B24892D}"
EndProject
Project("{FAE04EC0-301F-11D3-BF4B-00C04F79EFBC}") = "SOHGreen4BikesBox", "SOHGreen4BikesBox\SOHGreen4BikesBox.csproj", "{E066011C-F29F-4E67-8A5E-5BC1BBA12BC9}"
EndProject
Project("{FAE04EC0-301F-11D3-BF4B-00C04F79EFBC}") = "SOHCitizenDailyPlanBox", "SOHCitizenDailyPlanBox\SOHCitizenDailyPlanBox.csproj", "{283D051F-5FA2-40A1-A51C-5E19F70CC897}"
EndProject
Project("{FAE04EC0-301F-11D3-BF4B-00C04F79EFBC}") = "SOHDemonstrationModel", "SOHDemonstrationModel\SOHDemonstrationModel.csproj", "{AC8847A4-7F16-4484-852F-AE6D2185B648}"
EndProject
Project("{FAE04EC0-301F-11D3-BF4B-00C04F79EFBC}") = "SOHDemonstrationBox", "SOHDemonstrationBox\SOHDemonstrationBox.csproj", "{623E14EE-9454-48CB-B732-2381D0E13162}"
EndProject
Project("{FAE04EC0-301F-11D3-BF4B-00C04F79EFBC}") = "SOHTrainExtensionBox", "SOHTrainExtensionBox\SOHTrainExtensionBox.csproj", "{B2DF1AD8-D131-4EEF-919B-F0A1E6644E6B}"
EndProject
Project("{FAE04EC0-301F-11D3-BF4B-00C04F79EFBC}") = "SOHVeddelFloodBox", "SOHVeddelFloodBox\SOHVeddelFloodBox.csproj", "{2427120E-4C43-4933-B611-A4C0C097C4D2}"
EndProject
Global
	GlobalSection(SolutionConfigurationPlatforms) = preSolution
		Debug|Any CPU = Debug|Any CPU
		Release|Any CPU = Release|Any CPU
	EndGlobalSection
	GlobalSection(ProjectConfigurationPlatforms) = postSolution
		{8C8347AB-FC0B-460C-A8D4-A0F4E7027DB5}.Debug|Any CPU.ActiveCfg = Debug|Any CPU
		{8C8347AB-FC0B-460C-A8D4-A0F4E7027DB5}.Debug|Any CPU.Build.0 = Debug|Any CPU
		{8C8347AB-FC0B-460C-A8D4-A0F4E7027DB5}.Release|Any CPU.ActiveCfg = Release|Any CPU
		{8C8347AB-FC0B-460C-A8D4-A0F4E7027DB5}.Release|Any CPU.Build.0 = Release|Any CPU
		{11A68C7A-8D6E-4C27-B937-FAF062B9CA7A}.Debug|Any CPU.ActiveCfg = Debug|Any CPU
		{11A68C7A-8D6E-4C27-B937-FAF062B9CA7A}.Debug|Any CPU.Build.0 = Debug|Any CPU
		{11A68C7A-8D6E-4C27-B937-FAF062B9CA7A}.Release|Any CPU.ActiveCfg = Release|Any CPU
		{11A68C7A-8D6E-4C27-B937-FAF062B9CA7A}.Release|Any CPU.Build.0 = Release|Any CPU
		{94F69743-B41A-45F8-8426-F8EC8ABAB85F}.Debug|Any CPU.ActiveCfg = Debug|Any CPU
		{94F69743-B41A-45F8-8426-F8EC8ABAB85F}.Debug|Any CPU.Build.0 = Debug|Any CPU
		{94F69743-B41A-45F8-8426-F8EC8ABAB85F}.Release|Any CPU.ActiveCfg = Release|Any CPU
		{94F69743-B41A-45F8-8426-F8EC8ABAB85F}.Release|Any CPU.Build.0 = Release|Any CPU
		{1AEC10D4-12FF-4BF1-A702-D18A29D03F29}.Debug|Any CPU.ActiveCfg = Debug|Any CPU
		{1AEC10D4-12FF-4BF1-A702-D18A29D03F29}.Debug|Any CPU.Build.0 = Debug|Any CPU
		{1AEC10D4-12FF-4BF1-A702-D18A29D03F29}.Release|Any CPU.ActiveCfg = Release|Any CPU
		{1AEC10D4-12FF-4BF1-A702-D18A29D03F29}.Release|Any CPU.Build.0 = Release|Any CPU
		{96AF48FE-E7DA-489E-AD8C-F02FFE74CB89}.Debug|Any CPU.ActiveCfg = Debug|Any CPU
		{96AF48FE-E7DA-489E-AD8C-F02FFE74CB89}.Debug|Any CPU.Build.0 = Debug|Any CPU
		{96AF48FE-E7DA-489E-AD8C-F02FFE74CB89}.Release|Any CPU.ActiveCfg = Release|Any CPU
		{96AF48FE-E7DA-489E-AD8C-F02FFE74CB89}.Release|Any CPU.Build.0 = Release|Any CPU
		{1565FD94-841F-4587-B95B-6FAA1CC3844A}.Debug|Any CPU.ActiveCfg = Debug|Any CPU
		{1565FD94-841F-4587-B95B-6FAA1CC3844A}.Debug|Any CPU.Build.0 = Debug|Any CPU
		{1565FD94-841F-4587-B95B-6FAA1CC3844A}.Release|Any CPU.ActiveCfg = Release|Any CPU
		{1565FD94-841F-4587-B95B-6FAA1CC3844A}.Release|Any CPU.Build.0 = Release|Any CPU
		{0A8E497E-16AF-46B1-81E3-7B6D5F56F464}.Debug|Any CPU.ActiveCfg = Debug|Any CPU
		{0A8E497E-16AF-46B1-81E3-7B6D5F56F464}.Debug|Any CPU.Build.0 = Debug|Any CPU
		{0A8E497E-16AF-46B1-81E3-7B6D5F56F464}.Release|Any CPU.ActiveCfg = Release|Any CPU
		{0A8E497E-16AF-46B1-81E3-7B6D5F56F464}.Release|Any CPU.Build.0 = Release|Any CPU
		{C3C017AB-0F06-4953-B0D5-E7ADF76CAB99}.Debug|Any CPU.ActiveCfg = Debug|Any CPU
		{C3C017AB-0F06-4953-B0D5-E7ADF76CAB99}.Debug|Any CPU.Build.0 = Debug|Any CPU
		{C3C017AB-0F06-4953-B0D5-E7ADF76CAB99}.Release|Any CPU.ActiveCfg = Release|Any CPU
		{C3C017AB-0F06-4953-B0D5-E7ADF76CAB99}.Release|Any CPU.Build.0 = Release|Any CPU
		{122D29AA-303A-4E86-AB02-89D9592631DA}.Debug|Any CPU.ActiveCfg = Debug|Any CPU
		{122D29AA-303A-4E86-AB02-89D9592631DA}.Debug|Any CPU.Build.0 = Debug|Any CPU
		{122D29AA-303A-4E86-AB02-89D9592631DA}.Release|Any CPU.ActiveCfg = Release|Any CPU
		{122D29AA-303A-4E86-AB02-89D9592631DA}.Release|Any CPU.Build.0 = Release|Any CPU
		{2880B08F-3B18-416C-B398-C912D3A78B85}.Debug|Any CPU.ActiveCfg = Debug|Any CPU
		{2880B08F-3B18-416C-B398-C912D3A78B85}.Debug|Any CPU.Build.0 = Debug|Any CPU
		{2880B08F-3B18-416C-B398-C912D3A78B85}.Release|Any CPU.ActiveCfg = Release|Any CPU
		{2880B08F-3B18-416C-B398-C912D3A78B85}.Release|Any CPU.Build.0 = Release|Any CPU
		{5FA14C3C-5B2E-43F2-90E6-DEDA49F73FAB}.Debug|Any CPU.ActiveCfg = Debug|Any CPU
		{5FA14C3C-5B2E-43F2-90E6-DEDA49F73FAB}.Debug|Any CPU.Build.0 = Debug|Any CPU
		{5FA14C3C-5B2E-43F2-90E6-DEDA49F73FAB}.Release|Any CPU.ActiveCfg = Release|Any CPU
		{5FA14C3C-5B2E-43F2-90E6-DEDA49F73FAB}.Release|Any CPU.Build.0 = Release|Any CPU
		{1CC5C8F8-7E04-4B31-900E-6B5DCF1259CC}.Debug|Any CPU.ActiveCfg = Debug|Any CPU
		{1CC5C8F8-7E04-4B31-900E-6B5DCF1259CC}.Debug|Any CPU.Build.0 = Debug|Any CPU
		{1CC5C8F8-7E04-4B31-900E-6B5DCF1259CC}.Release|Any CPU.ActiveCfg = Release|Any CPU
		{1CC5C8F8-7E04-4B31-900E-6B5DCF1259CC}.Release|Any CPU.Build.0 = Release|Any CPU
		{891DF06A-E3E6-4718-AF51-0F2F7B24892D}.Debug|Any CPU.ActiveCfg = Debug|Any CPU
		{891DF06A-E3E6-4718-AF51-0F2F7B24892D}.Debug|Any CPU.Build.0 = Debug|Any CPU
		{891DF06A-E3E6-4718-AF51-0F2F7B24892D}.Release|Any CPU.ActiveCfg = Release|Any CPU
		{891DF06A-E3E6-4718-AF51-0F2F7B24892D}.Release|Any CPU.Build.0 = Release|Any CPU
		{E066011C-F29F-4E67-8A5E-5BC1BBA12BC9}.Debug|Any CPU.ActiveCfg = Debug|Any CPU
		{E066011C-F29F-4E67-8A5E-5BC1BBA12BC9}.Debug|Any CPU.Build.0 = Debug|Any CPU
		{E066011C-F29F-4E67-8A5E-5BC1BBA12BC9}.Release|Any CPU.ActiveCfg = Release|Any CPU
		{E066011C-F29F-4E67-8A5E-5BC1BBA12BC9}.Release|Any CPU.Build.0 = Release|Any CPU
		{283D051F-5FA2-40A1-A51C-5E19F70CC897}.Debug|Any CPU.ActiveCfg = Debug|Any CPU
		{283D051F-5FA2-40A1-A51C-5E19F70CC897}.Debug|Any CPU.Build.0 = Debug|Any CPU
		{283D051F-5FA2-40A1-A51C-5E19F70CC897}.Release|Any CPU.ActiveCfg = Release|Any CPU
		{283D051F-5FA2-40A1-A51C-5E19F70CC897}.Release|Any CPU.Build.0 = Release|Any CPU
		{AC8847A4-7F16-4484-852F-AE6D2185B648}.Debug|Any CPU.ActiveCfg = Debug|Any CPU
		{AC8847A4-7F16-4484-852F-AE6D2185B648}.Debug|Any CPU.Build.0 = Debug|Any CPU
		{AC8847A4-7F16-4484-852F-AE6D2185B648}.Release|Any CPU.ActiveCfg = Release|Any CPU
		{AC8847A4-7F16-4484-852F-AE6D2185B648}.Release|Any CPU.Build.0 = Release|Any CPU
		{623E14EE-9454-48CB-B732-2381D0E13162}.Debug|Any CPU.ActiveCfg = Debug|Any CPU
		{623E14EE-9454-48CB-B732-2381D0E13162}.Debug|Any CPU.Build.0 = Debug|Any CPU
		{623E14EE-9454-48CB-B732-2381D0E13162}.Release|Any CPU.ActiveCfg = Release|Any CPU
		{623E14EE-9454-48CB-B732-2381D0E13162}.Release|Any CPU.Build.0 = Release|Any CPU
		{B2DF1AD8-D131-4EEF-919B-F0A1E6644E6B}.Debug|Any CPU.ActiveCfg = Debug|Any CPU
		{B2DF1AD8-D131-4EEF-919B-F0A1E6644E6B}.Debug|Any CPU.Build.0 = Debug|Any CPU
		{B2DF1AD8-D131-4EEF-919B-F0A1E6644E6B}.Release|Any CPU.ActiveCfg = Release|Any CPU
		{B2DF1AD8-D131-4EEF-919B-F0A1E6644E6B}.Release|Any CPU.Build.0 = Release|Any CPU
		{2427120E-4C43-4933-B611-A4C0C097C4D2}.Debug|Any CPU.ActiveCfg = Debug|Any CPU
		{2427120E-4C43-4933-B611-A4C0C097C4D2}.Debug|Any CPU.Build.0 = Debug|Any CPU
		{2427120E-4C43-4933-B611-A4C0C097C4D2}.Release|Any CPU.ActiveCfg = Release|Any CPU
		{2427120E-4C43-4933-B611-A4C0C097C4D2}.Release|Any CPU.Build.0 = Release|Any CPU
	EndGlobalSection
EndGlobal
